
Microsoft Visual Studio Solution File, Format Version 9.00
# Visual Studio 2005
Project("{FAE04EC0-301F-11D3-BF4B-00C04F79EFBC}") = "MyAPRSCodeGen", "MyAPRSCodeGen.csproj", "{BFBFE321-E9B0-47AC-8403-B9FD9E2D9C55}"
EndProject
Global
	GlobalSection(SolutionConfigurationPlatforms) = preSolution
		Debug|Any CPU = Debug|Any CPU
		Release|Any CPU = Release|Any CPU
	EndGlobalSection
	GlobalSection(ProjectConfigurationPlatforms) = postSolution
		{BFBFE321-E9B0-47AC-8403-B9FD9E2D9C55}.Debug|Any CPU.ActiveCfg = Debug|Any CPU
		{BFBFE321-E9B0-47AC-8403-B9FD9E2D9C55}.Debug|Any CPU.Build.0 = Debug|Any CPU
		{BFBFE321-E9B0-47AC-8403-B9FD9E2D9C55}.Release|Any CPU.ActiveCfg = Release|Any CPU
		{BFBFE321-E9B0-47AC-8403-B9FD9E2D9C55}.Release|Any CPU.Build.0 = Release|Any CPU
	EndGlobalSection
	GlobalSection(SolutionProperties) = preSolution
		HideSolutionNode = FALSE
	EndGlobalSection
EndGlobal
